
Microsoft Visual Studio Solution File, Format Version 12.00
# Visual Studio Version 17
VisualStudioVersion = 17.2.32516.85
MinimumVisualStudioVersion = 10.0.40219.1
Project("{8BC9CEB8-8B4A-11D0-8D11-00A0C91BC942}") = "Project15_StarryOutputs", "Project15_StarryOutputs.vcxproj", "{C74EA75E-8A7D-41D0-96AB-463561E939CF}"
EndProject
Global
	GlobalSection(SolutionConfigurationPlatforms) = preSolution
		Debug|x64 = Debug|x64
		Debug|x86 = Debug|x86
		Release|x64 = Release|x64
		Release|x86 = Release|x86
	EndGlobalSection
	GlobalSection(ProjectConfigurationPlatforms) = postSolution
		{C74EA75E-8A7D-41D0-96AB-463561E939CF}.Debug|x64.ActiveCfg = Debug|x64
		{C74EA75E-8A7D-41D0-96AB-463561E939CF}.Debug|x64.Build.0 = Debug|x64
		{C74EA75E-8A7D-41D0-96AB-463561E939CF}.Debug|x86.ActiveCfg = Debug|Win32
		{C74EA75E-8A7D-41D0-96AB-463561E939CF}.Debug|x86.Build.0 = Debug|Win32
		{C74EA75E-8A7D-41D0-96AB-463561E939CF}.Release|x64.ActiveCfg = Release|x64
		{C74EA75E-8A7D-41D0-96AB-463561E939CF}.Release|x64.Build.0 = Release|x64
		{C74EA75E-8A7D-41D0-96AB-463561E939CF}.Release|x86.ActiveCfg = Release|Win32
		{C74EA75E-8A7D-41D0-96AB-463561E939CF}.Release|x86.Build.0 = Release|Win32
	EndGlobalSection
	GlobalSection(SolutionProperties) = preSolution
		HideSolutionNode = FALSE
	EndGlobalSection
	GlobalSection(ExtensibilityGlobals) = postSolution
		SolutionGuid = {069BC3B1-102E-4C44-A218-F12C18408CED}
	EndGlobalSection
EndGlobal
